
Microsoft Visual Studio Solution File, Format Version 12.00
# Visual Studio 15
VisualStudioVersion = 15.0.26430.13
MinimumVisualStudioVersion = 10.0.40219.1
Project("{FAE04EC0-301F-11D3-BF4B-00C04F79EFBC}") = "Leaver.Android", "Leaver\Leaver.Android\Leaver.Android.csproj", "{3C636235-240E-4AF4-8463-45308C065C0F}"
EndProject
Project("{FAE04EC0-301F-11D3-BF4B-00C04F79EFBC}") = "Leaver", "Leaver\Leaver\Leaver.csproj", "{FE3FAD46-D1E8-4BE8-8749-DC53C277AEDA}"
EndProject
Project("{FAE04EC0-301F-11D3-BF4B-00C04F79EFBC}") = "Leaver.iOS", "Leaver\Leaver.iOS\Leaver.iOS.csproj", "{3BF74895-C019-42DF-A4FB-C09531AAD458}"
EndProject
Global
	GlobalSection(SolutionConfigurationPlatforms) = preSolution
		Ad-Hoc|Any CPU = Ad-Hoc|Any CPU
		Ad-Hoc|ARM = Ad-Hoc|ARM
		Ad-Hoc|iPhone = Ad-Hoc|iPhone
		Ad-Hoc|iPhoneSimulator = Ad-Hoc|iPhoneSimulator
		Ad-Hoc|x64 = Ad-Hoc|x64
		Ad-Hoc|x86 = Ad-Hoc|x86
		AppStore|Any CPU = AppStore|Any CPU
		AppStore|ARM = AppStore|ARM
		AppStore|iPhone = AppStore|iPhone
		AppStore|iPhoneSimulator = AppStore|iPhoneSimulator
		AppStore|x64 = AppStore|x64
		AppStore|x86 = AppStore|x86
		Debug|Any CPU = Debug|Any CPU
		Debug|ARM = Debug|ARM
		Debug|iPhone = Debug|iPhone
		Debug|iPhoneSimulator = Debug|iPhoneSimulator
		Debug|x64 = Debug|x64
		Debug|x86 = Debug|x86
		Release|Any CPU = Release|Any CPU
		Release|ARM = Release|ARM
		Release|iPhone = Release|iPhone
		Release|iPhoneSimulator = Release|iPhoneSimulator
		Release|x64 = Release|x64
		Release|x86 = Release|x86
	EndGlobalSection
	GlobalSection(ProjectConfigurationPlatforms) = postSolution
		{3C636235-240E-4AF4-8463-45308C065C0F}.Ad-Hoc|Any CPU.ActiveCfg = Release|Any CPU
		{3C636235-240E-4AF4-8463-45308C065C0F}.Ad-Hoc|Any CPU.Build.0 = Release|Any CPU
		{3C636235-240E-4AF4-8463-45308C065C0F}.Ad-Hoc|Any CPU.Deploy.0 = Release|Any CPU
		{3C636235-240E-4AF4-8463-45308C065C0F}.Ad-Hoc|ARM.ActiveCfg = Release|Any CPU
		{3C636235-240E-4AF4-8463-45308C065C0F}.Ad-Hoc|ARM.Build.0 = Release|Any CPU
		{3C636235-240E-4AF4-8463-45308C065C0F}.Ad-Hoc|ARM.Deploy.0 = Release|Any CPU
		{3C636235-240E-4AF4-8463-45308C065C0F}.Ad-Hoc|iPhone.ActiveCfg = Release|Any CPU
		{3C636235-240E-4AF4-8463-45308C065C0F}.Ad-Hoc|iPhone.Build.0 = Release|Any CPU
		{3C636235-240E-4AF4-8463-45308C065C0F}.Ad-Hoc|iPhone.Deploy.0 = Release|Any CPU
		{3C636235-240E-4AF4-8463-45308C065C0F}.Ad-Hoc|iPhoneSimulator.ActiveCfg = Release|Any CPU
		{3C636235-240E-4AF4-8463-45308C065C0F}.Ad-Hoc|iPhoneSimulator.Build.0 = Release|Any CPU
		{3C636235-240E-4AF4-8463-45308C065C0F}.Ad-Hoc|iPhoneSimulator.Deploy.0 = Release|Any CPU
		{3C636235-240E-4AF4-8463-45308C065C0F}.Ad-Hoc|x64.ActiveCfg = Release|Any CPU
		{3C636235-240E-4AF4-8463-45308C065C0F}.Ad-Hoc|x64.Build.0 = Release|Any CPU
		{3C636235-240E-4AF4-8463-45308C065C0F}.Ad-Hoc|x64.Deploy.0 = Release|Any CPU
		{3C636235-240E-4AF4-8463-45308C065C0F}.Ad-Hoc|x86.ActiveCfg = Release|Any CPU
		{3C636235-240E-4AF4-8463-45308C065C0F}.Ad-Hoc|x86.Build.0 = Release|Any CPU
		{3C636235-240E-4AF4-8463-45308C065C0F}.Ad-Hoc|x86.Deploy.0 = Release|Any CPU
		{3C636235-240E-4AF4-8463-45308C065C0F}.AppStore|Any CPU.ActiveCfg = Release|Any CPU
		{3C636235-240E-4AF4-8463-45308C065C0F}.AppStore|Any CPU.Build.0 = Release|Any CPU
		{3C636235-240E-4AF4-8463-45308C065C0F}.AppStore|Any CPU.Deploy.0 = Release|Any CPU
		{3C636235-240E-4AF4-8463-45308C065C0F}.AppStore|ARM.ActiveCfg = Release|Any CPU
		{3C636235-240E-4AF4-8463-45308C065C0F}.AppStore|ARM.Build.0 = Release|Any CPU
		{3C636235-240E-4AF4-8463-45308C065C0F}.AppStore|ARM.Deploy.0 = Release|Any CPU
		{3C636235-240E-4AF4-8463-45308C065C0F}.AppStore|iPhone.ActiveCfg = Release|Any CPU
		{3C636235-240E-4AF4-8463-45308C065C0F}.AppStore|iPhone.Build.0 = Release|Any CPU
		{3C636235-240E-4AF4-8463-45308C065C0F}.AppStore|iPhone.Deploy.0 = Release|Any CPU
		{3C636235-240E-4AF4-8463-45308C065C0F}.AppStore|iPhoneSimulator.ActiveCfg = Release|Any CPU
		{3C636235-240E-4AF4-8463-45308C065C0F}.AppStore|iPhoneSimulator.Build.0 = Release|Any CPU
		{3C636235-240E-4AF4-8463-45308C065C0F}.AppStore|iPhoneSimulator.Deploy.0 = Release|Any CPU
		{3C636235-240E-4AF4-8463-45308C065C0F}.AppStore|x64.ActiveCfg = Release|Any CPU
		{3C636235-240E-4AF4-8463-45308C065C0F}.AppStore|x64.Build.0 = Release|Any CPU
		{3C636235-240E-4AF4-8463-45308C065C0F}.AppStore|x64.Deploy.0 = Release|Any CPU
		{3C636235-240E-4AF4-8463-45308C065C0F}.AppStore|x86.ActiveCfg = Release|Any CPU
		{3C636235-240E-4AF4-8463-45308C065C0F}.AppStore|x86.Build.0 = Release|Any CPU
		{3C636235-240E-4AF4-8463-45308C065C0F}.AppStore|x86.Deploy.0 = Release|Any CPU
		{3C636235-240E-4AF4-8463-45308C065C0F}.Debug|Any CPU.ActiveCfg = Debug|Any CPU
		{3C636235-240E-4AF4-8463-45308C065C0F}.Debug|Any CPU.Build.0 = Debug|Any CPU
		{3C636235-240E-4AF4-8463-45308C065C0F}.Debug|Any CPU.Deploy.0 = Debug|Any CPU
		{3C636235-240E-4AF4-8463-45308C065C0F}.Debug|ARM.ActiveCfg = Debug|Any CPU
		{3C636235-240E-4AF4-8463-45308C065C0F}.Debug|ARM.Build.0 = Debug|Any CPU
		{3C636235-240E-4AF4-8463-45308C065C0F}.Debug|ARM.Deploy.0 = Debug|Any CPU
		{3C636235-240E-4AF4-8463-45308C065C0F}.Debug|iPhone.ActiveCfg = Debug|Any CPU
		{3C636235-240E-4AF4-8463-45308C065C0F}.Debug|iPhone.Build.0 = Debug|Any CPU
		{3C636235-240E-4AF4-8463-45308C065C0F}.Debug|iPhone.Deploy.0 = Debug|Any CPU
		{3C636235-240E-4AF4-8463-45308C065C0F}.Debug|iPhoneSimulator.ActiveCfg = Debug|Any CPU
		{3C636235-240E-4AF4-8463-45308C065C0F}.Debug|iPhoneSimulator.Build.0 = Debug|Any CPU
		{3C636235-240E-4AF4-8463-45308C065C0F}.Debug|iPhoneSimulator.Deploy.0 = Debug|Any CPU
		{3C636235-240E-4AF4-8463-45308C065C0F}.Debug|x64.ActiveCfg = Debug|Any CPU
		{3C636235-240E-4AF4-8463-45308C065C0F}.Debug|x64.Build.0 = Debug|Any CPU
		{3C636235-240E-4AF4-8463-45308C065C0F}.Debug|x64.Deploy.0 = Debug|Any CPU
		{3C636235-240E-4AF4-8463-45308C065C0F}.Debug|x86.ActiveCfg = Debug|Any CPU
		{3C636235-240E-4AF4-8463-45308C065C0F}.Debug|x86.Build.0 = Debug|Any CPU
		{3C636235-240E-4AF4-8463-45308C065C0F}.Debug|x86.Deploy.0 = Debug|Any CPU
		{3C636235-240E-4AF4-8463-45308C065C0F}.Release|Any CPU.ActiveCfg = Release|Any CPU
		{3C636235-240E-4AF4-8463-45308C065C0F}.Release|Any CPU.Build.0 = Release|Any CPU
		{3C636235-240E-4AF4-8463-45308C065C0F}.Release|Any CPU.Deploy.0 = Release|Any CPU
		{3C636235-240E-4AF4-8463-45308C065C0F}.Release|ARM.ActiveCfg = Release|Any CPU
		{3C636235-240E-4AF4-8463-45308C065C0F}.Release|ARM.Build.0 = Release|Any CPU
		{3C636235-240E-4AF4-8463-45308C065C0F}.Release|ARM.Deploy.0 = Release|Any CPU
		{3C636235-240E-4AF4-8463-45308C065C0F}.Release|iPhone.ActiveCfg = Release|Any CPU
		{3C636235-240E-4AF4-8463-45308C065C0F}.Release|iPhone.Build.0 = Release|Any CPU
		{3C636235-240E-4AF4-8463-45308C065C0F}.Release|iPhone.Deploy.0 = Release|Any CPU
		{3C636235-240E-4AF4-8463-45308C065C0F}.Release|iPhoneSimulator.ActiveCfg = Release|Any CPU
		{3C636235-240E-4AF4-8463-45308C065C0F}.Release|iPhoneSimulator.Build.0 = Release|Any CPU
		{3C636235-240E-4AF4-8463-45308C065C0F}.Release|iPhoneSimulator.Deploy.0 = Release|Any CPU
		{3C636235-240E-4AF4-8463-45308C065C0F}.Release|x64.ActiveCfg = Release|Any CPU
		{3C636235-240E-4AF4-8463-45308C065C0F}.Release|x64.Build.0 = Release|Any CPU
		{3C636235-240E-4AF4-8463-45308C065C0F}.Release|x64.Deploy.0 = Release|Any CPU
		{3C636235-240E-4AF4-8463-45308C065C0F}.Release|x86.ActiveCfg = Release|Any CPU
		{3C636235-240E-4AF4-8463-45308C065C0F}.Release|x86.Build.0 = Release|Any CPU
		{3C636235-240E-4AF4-8463-45308C065C0F}.Release|x86.Deploy.0 = Release|Any CPU
		{FE3FAD46-D1E8-4BE8-8749-DC53C277AEDA}.Ad-Hoc|Any CPU.ActiveCfg = Release|Any CPU
		{FE3FAD46-D1E8-4BE8-8749-DC53C277AEDA}.Ad-Hoc|Any CPU.Build.0 = Release|Any CPU
		{FE3FAD46-D1E8-4BE8-8749-DC53C277AEDA}.Ad-Hoc|ARM.ActiveCfg = Release|Any CPU
		{FE3FAD46-D1E8-4BE8-8749-DC53C277AEDA}.Ad-Hoc|ARM.Build.0 = Release|Any CPU
		{FE3FAD46-D1E8-4BE8-8749-DC53C277AEDA}.Ad-Hoc|iPhone.ActiveCfg = Release|Any CPU
		{FE3FAD46-D1E8-4BE8-8749-DC53C277AEDA}.Ad-Hoc|iPhone.Build.0 = Release|Any CPU
		{FE3FAD46-D1E8-4BE8-8749-DC53C277AEDA}.Ad-Hoc|iPhoneSimulator.ActiveCfg = Release|Any CPU
		{FE3FAD46-D1E8-4BE8-8749-DC53C277AEDA}.Ad-Hoc|iPhoneSimulator.Build.0 = Release|Any CPU
		{FE3FAD46-D1E8-4BE8-8749-DC53C277AEDA}.Ad-Hoc|x64.ActiveCfg = Release|Any CPU
		{FE3FAD46-D1E8-4BE8-8749-DC53C277AEDA}.Ad-Hoc|x64.Build.0 = Release|Any CPU
		{FE3FAD46-D1E8-4BE8-8749-DC53C277AEDA}.Ad-Hoc|x86.ActiveCfg = Release|Any CPU
		{FE3FAD46-D1E8-4BE8-8749-DC53C277AEDA}.Ad-Hoc|x86.Build.0 = Release|Any CPU
		{FE3FAD46-D1E8-4BE8-8749-DC53C277AEDA}.AppStore|Any CPU.ActiveCfg = Release|Any CPU
		{FE3FAD46-D1E8-4BE8-8749-DC53C277AEDA}.AppStore|Any CPU.Build.0 = Release|Any CPU
		{FE3FAD46-D1E8-4BE8-8749-DC53C277AEDA}.AppStore|ARM.ActiveCfg = Release|Any CPU
		{FE3FAD46-D1E8-4BE8-8749-DC53C277AEDA}.AppStore|ARM.Build.0 = Release|Any CPU
		{FE3FAD46-D1E8-4BE8-8749-DC53C277AEDA}.AppStore|iPhone.ActiveCfg = Release|Any CPU
		{FE3FAD46-D1E8-4BE8-8749-DC53C277AEDA}.AppStore|iPhone.Build.0 = Release|Any CPU
		{FE3FAD46-D1E8-4BE8-8749-DC53C277AEDA}.AppStore|iPhoneSimulator.ActiveCfg = Release|Any CPU
		{FE3FAD46-D1E8-4BE8-8749-DC53C277AEDA}.AppStore|iPhoneSimulator.Build.0 = Release|Any CPU
		{FE3FAD46-D1E8-4BE8-8749-DC53C277AEDA}.AppStore|x64.ActiveCfg = Release|Any CPU
		{FE3FAD46-D1E8-4BE8-8749-DC53C277AEDA}.AppStore|x64.Build.0 = Release|Any CPU
		{FE3FAD46-D1E8-4BE8-8749-DC53C277AEDA}.AppStore|x86.ActiveCfg = Release|Any CPU
		{FE3FAD46-D1E8-4BE8-8749-DC53C277AEDA}.AppStore|x86.Build.0 = Release|Any CPU
		{FE3FAD46-D1E8-4BE8-8749-DC53C277AEDA}.Debug|Any CPU.ActiveCfg = Debug|Any CPU
		{FE3FAD46-D1E8-4BE8-8749-DC53C277AEDA}.Debug|Any CPU.Build.0 = Debug|Any CPU
		{FE3FAD46-D1E8-4BE8-8749-DC53C277AEDA}.Debug|ARM.ActiveCfg = Debug|Any CPU
		{FE3FAD46-D1E8-4BE8-8749-DC53C277AEDA}.Debug|ARM.Build.0 = Debug|Any CPU
		{FE3FAD46-D1E8-4BE8-8749-DC53C277AEDA}.Debug|iPhone.ActiveCfg = Debug|Any CPU
		{FE3FAD46-D1E8-4BE8-8749-DC53C277AEDA}.Debug|iPhone.Build.0 = Debug|Any CPU
		{FE3FAD46-D1E8-4BE8-8749-DC53C277AEDA}.Debug|iPhoneSimulator.ActiveCfg = Debug|Any CPU
		{FE3FAD46-D1E8-4BE8-8749-DC53C277AEDA}.Debug|iPhoneSimulator.Build.0 = Debug|Any CPU
		{FE3FAD46-D1E8-4BE8-8749-DC53C277AEDA}.Debug|x64.ActiveCfg = Debug|Any CPU
		{FE3FAD46-D1E8-4BE8-8749-DC53C277AEDA}.Debug|x64.Build.0 = Debug|Any CPU
		{FE3FAD46-D1E8-4BE8-8749-DC53C277AEDA}.Debug|x86.ActiveCfg = Debug|Any CPU
		{FE3FAD46-D1E8-4BE8-8749-DC53C277AEDA}.Debug|x86.Build.0 = Debug|Any CPU
		{FE3FAD46-D1E8-4BE8-8749-DC53C277AEDA}.Release|Any CPU.ActiveCfg = Release|Any CPU
		{FE3FAD46-D1E8-4BE8-8749-DC53C277AEDA}.Release|Any CPU.Build.0 = Release|Any CPU
		{FE3FAD46-D1E8-4BE8-8749-DC53C277AEDA}.Release|ARM.ActiveCfg = Release|Any CPU
		{FE3FAD46-D1E8-4BE8-8749-DC53C277AEDA}.Release|ARM.Build.0 = Release|Any CPU
		{FE3FAD46-D1E8-4BE8-8749-DC53C277AEDA}.Release|iPhone.ActiveCfg = Release|Any CPU
		{FE3FAD46-D1E8-4BE8-8749-DC53C277AEDA}.Release|iPhone.Build.0 = Release|Any CPU
		{FE3FAD46-D1E8-4BE8-8749-DC53C277AEDA}.Release|iPhoneSimulator.ActiveCfg = Release|Any CPU
		{FE3FAD46-D1E8-4BE8-8749-DC53C277AEDA}.Release|iPhoneSimulator.Build.0 = Release|Any CPU
		{FE3FAD46-D1E8-4BE8-8749-DC53C277AEDA}.Release|x64.ActiveCfg = Release|Any CPU
		{FE3FAD46-D1E8-4BE8-8749-DC53C277AEDA}.Release|x64.Build.0 = Release|Any CPU
		{FE3FAD46-D1E8-4BE8-8749-DC53C277AEDA}.Release|x86.ActiveCfg = Release|Any CPU
		{FE3FAD46-D1E8-4BE8-8749-DC53C277AEDA}.Release|x86.Build.0 = Release|Any CPU
		{3BF74895-C019-42DF-A4FB-C09531AAD458}.Ad-Hoc|Any CPU.ActiveCfg = Ad-Hoc|iPhone
		{3BF74895-C019-42DF-A4FB-C09531AAD458}.Ad-Hoc|ARM.ActiveCfg = Ad-Hoc|iPhone
		{3BF74895-C019-42DF-A4FB-C09531AAD458}.Ad-Hoc|iPhone.ActiveCfg = Ad-Hoc|iPhone
		{3BF74895-C019-42DF-A4FB-C09531AAD458}.Ad-Hoc|iPhone.Build.0 = Ad-Hoc|iPhone
		{3BF74895-C019-42DF-A4FB-C09531AAD458}.Ad-Hoc|iPhoneSimulator.ActiveCfg = Ad-Hoc|iPhoneSimulator
		{3BF74895-C019-42DF-A4FB-C09531AAD458}.Ad-Hoc|iPhoneSimulator.Build.0 = Ad-Hoc|iPhoneSimulator
		{3BF74895-C019-42DF-A4FB-C09531AAD458}.Ad-Hoc|x64.ActiveCfg = Ad-Hoc|iPhone
		{3BF74895-C019-42DF-A4FB-C09531AAD458}.Ad-Hoc|x86.ActiveCfg = Ad-Hoc|iPhone
		{3BF74895-C019-42DF-A4FB-C09531AAD458}.AppStore|Any CPU.ActiveCfg = AppStore|iPhone
		{3BF74895-C019-42DF-A4FB-C09531AAD458}.AppStore|ARM.ActiveCfg = AppStore|iPhone
		{3BF74895-C019-42DF-A4FB-C09531AAD458}.AppStore|iPhone.ActiveCfg = AppStore|iPhone
		{3BF74895-C019-42DF-A4FB-C09531AAD458}.AppStore|iPhone.Build.0 = AppStore|iPhone
		{3BF74895-C019-42DF-A4FB-C09531AAD458}.AppStore|iPhoneSimulator.ActiveCfg = AppStore|iPhoneSimulator
		{3BF74895-C019-42DF-A4FB-C09531AAD458}.AppStore|iPhoneSimulator.Build.0 = AppStore|iPhoneSimulator
		{3BF74895-C019-42DF-A4FB-C09531AAD458}.AppStore|x64.ActiveCfg = AppStore|iPhone
		{3BF74895-C019-42DF-A4FB-C09531AAD458}.AppStore|x86.ActiveCfg = AppStore|iPhone
		{3BF74895-C019-42DF-A4FB-C09531AAD458}.Debug|Any CPU.ActiveCfg = Debug|iPhone
		{3BF74895-C019-42DF-A4FB-C09531AAD458}.Debug|ARM.ActiveCfg = Debug|iPhone
		{3BF74895-C019-42DF-A4FB-C09531AAD458}.Debug|iPhone.ActiveCfg = Debug|iPhone
		{3BF74895-C019-42DF-A4FB-C09531AAD458}.Debug|iPhone.Build.0 = Debug|iPhone
		{3BF74895-C019-42DF-A4FB-C09531AAD458}.Debug|iPhoneSimulator.ActiveCfg = Debug|iPhoneSimulator
		{3BF74895-C019-42DF-A4FB-C09531AAD458}.Debug|iPhoneSimulator.Build.0 = Debug|iPhoneSimulator
		{3BF74895-C019-42DF-A4FB-C09531AAD458}.Debug|x64.ActiveCfg = Debug|iPhone
		{3BF74895-C019-42DF-A4FB-C09531AAD458}.Debug|x86.ActiveCfg = Debug|iPhone
		{3BF74895-C019-42DF-A4FB-C09531AAD458}.Release|Any CPU.ActiveCfg = Release|iPhone
		{3BF74895-C019-42DF-A4FB-C09531AAD458}.Release|ARM.ActiveCfg = Release|iPhone
		{3BF74895-C019-42DF-A4FB-C09531AAD458}.Release|iPhone.ActiveCfg = Release|iPhone
		{3BF74895-C019-42DF-A4FB-C09531AAD458}.Release|iPhone.Build.0 = Release|iPhone
		{3BF74895-C019-42DF-A4FB-C09531AAD458}.Release|iPhoneSimulator.ActiveCfg = Release|iPhoneSimulator
		{3BF74895-C019-42DF-A4FB-C09531AAD458}.Release|iPhoneSimulator.Build.0 = Release|iPhoneSimulator
		{3BF74895-C019-42DF-A4FB-C09531AAD458}.Release|x64.ActiveCfg = Release|iPhone
		{3BF74895-C019-42DF-A4FB-C09531AAD458}.Release|x86.ActiveCfg = Release|iPhone
	EndGlobalSection
	GlobalSection(SolutionProperties) = preSolution
		HideSolutionNode = FALSE
	EndGlobalSection
EndGlobal
